
Microsoft Visual Studio Solution File, Format Version 12.00
# Visual Studio 2017
Project("{FAE04EC0-301F-11D3-BF4B-00C04F79EFBC}") = "POE", "POE.csproj", "{2644EA8C-896D-87DE-D2E6-B595204A66AA}"
EndProject
Global
	GlobalSection(SolutionConfigurationPlatforms) = preSolution
		Debug|Any CPU = Debug|Any CPU
		Release|Any CPU = Release|Any CPU
	EndGlobalSection
	GlobalSection(ProjectConfigurationPlatforms) = postSolution
		{2644EA8C-896D-87DE-D2E6-B595204A66AA}.Debug|Any CPU.ActiveCfg = Debug|Any CPU
		{2644EA8C-896D-87DE-D2E6-B595204A66AA}.Debug|Any CPU.Build.0 = Debug|Any CPU
		{2644EA8C-896D-87DE-D2E6-B595204A66AA}.Release|Any CPU.ActiveCfg = Release|Any CPU
		{2644EA8C-896D-87DE-D2E6-B595204A66AA}.Release|Any CPU.Build.0 = Release|Any CPU
	EndGlobalSection
	GlobalSection(SolutionProperties) = preSolution
		HideSolutionNode = FALSE
	EndGlobalSection
EndGlobal
